github.com/davecgh/go-spew v1.1.1 h1:vj9j/u1bqnvCEfJOwUhtlOARqs3+rkHYY13jYWTU97c=
github.com/davecgh/go-spew v1.1.1/go.mod h1:J7Y8YcW2NihsgmVo/mv3lAwl/skON4iLHjSsI+c5H38=
github.com/dmpettyp/dorky v0.0.0-20251005144453-fdc257b3d921 h1:gjgUL9Ui0ZowkV6odWNFI6tm+oq/qq9IlCN7r3JDbT0=
github.com/dmpettyp/dorky v0.0.0-20251005144453-fdc257b3d921/go.mod h1:O7tyhaittFCbCjAaZJRAlLug8fZMueQRCnW3BpcoACY=
github.com/dmpettyp/id v0.0.0-20251005002343-68291fb87bf5 h1:6DQzjDB7YVYUkq7K1FwmX1WVMYXthLvPRucfSd7gVYM=
github.com/dmpettyp/id v0.0.0-20251005002343-68291fb87bf5/go.mod h1:wj+vTazDiJ8ne2k1oy1VexpO0IEefVSTF0ccgOEOWWQ=
github.com/dmpettyp/mapper v0.0.0-20251008224010-89f1817dea21 h1:DQBtcT0NbeQSTcN6dKQkZumT2EmcrpbrK4sTQ3lwtPM=
github.com/dmpettyp/mapper v0.0.0-20251008224010-89f1817dea21/go.mod h1:ltaK3kUF8PxSnR76tK4s/e7cvshf+Dm+0v/tv4e+3Lg=
github.com/dmpettyp/state v0.0.0-20250924231209-343abbdf2057 h1:b6iJxHMvVeIcC9skNrt89Vs9uC1taZag+d9XR5LqPeE=
github.com/dmpettyp/state v0.0.0-20250924231209-343abbdf2057/go.mod h1:imuAA0fD1Cb8CZlCDGtqT8w3YPvwDwtcHGQDySmeZUQ=
github.com/google/uuid v1.6.0 h1:NIvaJDMOsjHA8n1jAhLSgzrAzy1Hgr+hNrb57e+94F0=
github.com/google/uuid v1.6.0/go.mod h1:TIyPZe4MgqvfeYDBFedMoGGpEw/LqOeaOT+nhxU+yHo=
github.com/pmezard/go-difflib v1.0.0 h1:4DBwDE0NGyQoBHbLQYPwSUPoCMWR5BEzIk/f1lZbAQM=
github.com/pmezard/go-difflib v1.0.0/go.mod h1:iKH77koFhYxTK1pcRnkKkqfTogsbg7gZNVY4sRDYZ/4=
github.com/stretchr/testify v1.11.1 h1:7s2iGBzp5EwR7/aIZr8ao5+dra3wiQyKjjFuvgVKu7U=
github.com/stretchr/testify v1.11.1/go.mod h1:wZwfW3scLgRK+23gO65QZefKpKQRnfz6sD981Nm4B6U=
gopkg.in/yaml.v3 v3.0.1 h1:fxVm/GzAzEWqLHuvctI91KS9hhNmmWOoWu0XTYJS7CA=
gopkg.in/yaml.v3 v3.0.1/go.mod h1:K4uyk7z7BCEPqu6E+C64Yfv1cQ7kz7rIZviUmN+EgEM=
